
Microsoft Visual Studio Solution File, Format Version 12.00
# Visual Studio 14
VisualStudioVersion = 14.0.25420.1
MinimumVisualStudioVersion = 10.0.40219.1
Project("{2150E333-8FDC-42A3-9474-1A3956D46DE8}") = "Engine", "Engine", "{094CF1A4-B795-445F-8030-93491ED0FD86}"
EndProject
Project("{2150E333-8FDC-42A3-9474-1A3956D46DE8}") = "Games", "Games", "{A1468940-7EF8-4856-AB0E-E2E900BE7E7D}"
EndProject
Project("{8BC9CEB8-8B4A-11D0-8D11-00A0C91BC942}") = "UE4", "Intermediate\ProjectFiles\UE4.vcxproj", "{A8C4B1B1-7626-4093-B86C-56CE0EC43D84}"
EndProject
Project("{8BC9CEB8-8B4A-11D0-8D11-00A0C91BC942}") = "project", "Intermediate\ProjectFiles\project.vcxproj", "{4A8998E8-093E-4959-949E-57EDA96E581E}"
EndProject
Global
	GlobalSection(SolutionConfigurationPlatforms) = preSolution
		DebugGame Editor|HTML5 = DebugGame Editor|HTML5
		DebugGame Editor|Win32 = DebugGame Editor|Win32
		DebugGame Editor|Win64 = DebugGame Editor|Win64
		DebugGame|HTML5 = DebugGame|HTML5
		DebugGame|Win32 = DebugGame|Win32
		DebugGame|Win64 = DebugGame|Win64
		Development Editor|HTML5 = Development Editor|HTML5
		Development Editor|Win32 = Development Editor|Win32
		Development Editor|Win64 = Development Editor|Win64
		Development|HTML5 = Development|HTML5
		Development|Win32 = Development|Win32
		Development|Win64 = Development|Win64
		Shipping|HTML5 = Shipping|HTML5
		Shipping|Win32 = Shipping|Win32
		Shipping|Win64 = Shipping|Win64
	EndGlobalSection
	GlobalSection(ProjectConfigurationPlatforms) = postSolution
		{A8C4B1B1-7626-4093-B86C-56CE0EC43D84}.DebugGame Editor|HTML5.ActiveCfg = BuiltWithUnrealBuildTool|Win32
		{A8C4B1B1-7626-4093-B86C-56CE0EC43D84}.DebugGame Editor|HTML5.Build.0 = BuiltWithUnrealBuildTool|Win32
		{A8C4B1B1-7626-4093-B86C-56CE0EC43D84}.DebugGame Editor|Win32.ActiveCfg = BuiltWithUnrealBuildTool|Win32
		{A8C4B1B1-7626-4093-B86C-56CE0EC43D84}.DebugGame Editor|Win32.Build.0 = BuiltWithUnrealBuildTool|Win32
		{A8C4B1B1-7626-4093-B86C-56CE0EC43D84}.DebugGame Editor|Win64.ActiveCfg = BuiltWithUnrealBuildTool|Win32
		{A8C4B1B1-7626-4093-B86C-56CE0EC43D84}.DebugGame Editor|Win64.Build.0 = BuiltWithUnrealBuildTool|Win32
		{A8C4B1B1-7626-4093-B86C-56CE0EC43D84}.DebugGame|HTML5.ActiveCfg = BuiltWithUnrealBuildTool|Win32
		{A8C4B1B1-7626-4093-B86C-56CE0EC43D84}.DebugGame|HTML5.Build.0 = BuiltWithUnrealBuildTool|Win32
		{A8C4B1B1-7626-4093-B86C-56CE0EC43D84}.DebugGame|Win32.ActiveCfg = BuiltWithUnrealBuildTool|Win32
		{A8C4B1B1-7626-4093-B86C-56CE0EC43D84}.DebugGame|Win32.Build.0 = BuiltWithUnrealBuildTool|Win32
		{A8C4B1B1-7626-4093-B86C-56CE0EC43D84}.DebugGame|Win64.ActiveCfg = BuiltWithUnrealBuildTool|Win32
		{A8C4B1B1-7626-4093-B86C-56CE0EC43D84}.DebugGame|Win64.Build.0 = BuiltWithUnrealBuildTool|Win32
		{A8C4B1B1-7626-4093-B86C-56CE0EC43D84}.Development Editor|HTML5.ActiveCfg = BuiltWithUnrealBuildTool|Win32
		{A8C4B1B1-7626-4093-B86C-56CE0EC43D84}.Development Editor|HTML5.Build.0 = BuiltWithUnrealBuildTool|Win32
		{A8C4B1B1-7626-4093-B86C-56CE0EC43D84}.Development Editor|Win32.ActiveCfg = BuiltWithUnrealBuildTool|Win32
		{A8C4B1B1-7626-4093-B86C-56CE0EC43D84}.Development Editor|Win32.Build.0 = BuiltWithUnrealBuildTool|Win32
		{A8C4B1B1-7626-4093-B86C-56CE0EC43D84}.Development Editor|Win64.ActiveCfg = BuiltWithUnrealBuildTool|Win32
		{A8C4B1B1-7626-4093-B86C-56CE0EC43D84}.Development Editor|Win64.Build.0 = BuiltWithUnrealBuildTool|Win32
		{A8C4B1B1-7626-4093-B86C-56CE0EC43D84}.Development|HTML5.ActiveCfg = BuiltWithUnrealBuildTool|Win32
		{A8C4B1B1-7626-4093-B86C-56CE0EC43D84}.Development|HTML5.Build.0 = BuiltWithUnrealBuildTool|Win32
		{A8C4B1B1-7626-4093-B86C-56CE0EC43D84}.Development|Win32.ActiveCfg = BuiltWithUnrealBuildTool|Win32
		{A8C4B1B1-7626-4093-B86C-56CE0EC43D84}.Development|Win32.Build.0 = BuiltWithUnrealBuildTool|Win32
		{A8C4B1B1-7626-4093-B86C-56CE0EC43D84}.Development|Win64.ActiveCfg = BuiltWithUnrealBuildTool|Win32
		{A8C4B1B1-7626-4093-B86C-56CE0EC43D84}.Development|Win64.Build.0 = BuiltWithUnrealBuildTool|Win32
		{A8C4B1B1-7626-4093-B86C-56CE0EC43D84}.Shipping|HTML5.ActiveCfg = BuiltWithUnrealBuildTool|Win32
		{A8C4B1B1-7626-4093-B86C-56CE0EC43D84}.Shipping|HTML5.Build.0 = BuiltWithUnrealBuildTool|Win32
		{A8C4B1B1-7626-4093-B86C-56CE0EC43D84}.Shipping|Win32.ActiveCfg = BuiltWithUnrealBuildTool|Win32
		{A8C4B1B1-7626-4093-B86C-56CE0EC43D84}.Shipping|Win32.Build.0 = BuiltWithUnrealBuildTool|Win32
		{A8C4B1B1-7626-4093-B86C-56CE0EC43D84}.Shipping|Win64.ActiveCfg = BuiltWithUnrealBuildTool|Win32
		{A8C4B1B1-7626-4093-B86C-56CE0EC43D84}.Shipping|Win64.Build.0 = BuiltWithUnrealBuildTool|Win32
		{4A8998E8-093E-4959-949E-57EDA96E581E}.DebugGame Editor|HTML5.ActiveCfg = HTML5_DebugGame_Editor|Win32
		{4A8998E8-093E-4959-949E-57EDA96E581E}.DebugGame Editor|Win32.ActiveCfg = DebugGame_Editor|Win32
		{4A8998E8-093E-4959-949E-57EDA96E581E}.DebugGame Editor|Win64.ActiveCfg = DebugGame_Editor|x64
		{4A8998E8-093E-4959-949E-57EDA96E581E}.DebugGame Editor|Win64.Build.0 = DebugGame_Editor|x64
		{4A8998E8-093E-4959-949E-57EDA96E581E}.DebugGame|HTML5.ActiveCfg = HTML5_DebugGame_Game|Win32
		{4A8998E8-093E-4959-949E-57EDA96E581E}.DebugGame|HTML5.Build.0 = HTML5_DebugGame_Game|Win32
		{4A8998E8-093E-4959-949E-57EDA96E581E}.DebugGame|Win32.ActiveCfg = DebugGame_Game|Win32
		{4A8998E8-093E-4959-949E-57EDA96E581E}.DebugGame|Win32.Build.0 = DebugGame_Game|Win32
		{4A8998E8-093E-4959-949E-57EDA96E581E}.DebugGame|Win64.ActiveCfg = DebugGame_Game|x64
		{4A8998E8-093E-4959-949E-57EDA96E581E}.DebugGame|Win64.Build.0 = DebugGame_Game|x64
		{4A8998E8-093E-4959-949E-57EDA96E581E}.Development Editor|HTML5.ActiveCfg = HTML5_Development_Editor|Win32
		{4A8998E8-093E-4959-949E-57EDA96E581E}.Development Editor|Win32.ActiveCfg = Development_Editor|Win32
		{4A8998E8-093E-4959-949E-57EDA96E581E}.Development Editor|Win64.ActiveCfg = Development_Editor|x64
		{4A8998E8-093E-4959-949E-57EDA96E581E}.Development Editor|Win64.Build.0 = Development_Editor|x64
		{4A8998E8-093E-4959-949E-57EDA96E581E}.Development|HTML5.ActiveCfg = HTML5_Development_Game|Win32
		{4A8998E8-093E-4959-949E-57EDA96E581E}.Development|HTML5.Build.0 = HTML5_Development_Game|Win32
		{4A8998E8-093E-4959-949E-57EDA96E581E}.Development|Win32.ActiveCfg = Development_Game|Win32
		{4A8998E8-093E-4959-949E-57EDA96E581E}.Development|Win32.Build.0 = Development_Game|Win32
		{4A8998E8-093E-4959-949E-57EDA96E581E}.Development|Win64.ActiveCfg = Development_Game|x64
		{4A8998E8-093E-4959-949E-57EDA96E581E}.Development|Win64.Build.0 = Development_Game|x64
		{4A8998E8-093E-4959-949E-57EDA96E581E}.Shipping|HTML5.ActiveCfg = HTML5_Shipping_Game|Win32
		{4A8998E8-093E-4959-949E-57EDA96E581E}.Shipping|HTML5.Build.0 = HTML5_Shipping_Game|Win32
		{4A8998E8-093E-4959-949E-57EDA96E581E}.Shipping|Win32.ActiveCfg = Shipping_Game|Win32
		{4A8998E8-093E-4959-949E-57EDA96E581E}.Shipping|Win32.Build.0 = Shipping_Game|Win32
		{4A8998E8-093E-4959-949E-57EDA96E581E}.Shipping|Win64.ActiveCfg = Shipping_Game|x64
		{4A8998E8-093E-4959-949E-57EDA96E581E}.Shipping|Win64.Build.0 = Shipping_Game|x64
	EndGlobalSection
	GlobalSection(SolutionProperties) = preSolution
		HideSolutionNode = FALSE
	EndGlobalSection
	GlobalSection(NestedProjects) = preSolution
		{A8C4B1B1-7626-4093-B86C-56CE0EC43D84} = {094CF1A4-B795-445F-8030-93491ED0FD86}
		{4A8998E8-093E-4959-949E-57EDA96E581E} = {A1468940-7EF8-4856-AB0E-E2E900BE7E7D}
	EndGlobalSection
EndGlobal
